// !$*UTF8*$!
{
	archiveVersion = 1;
	classes = {
	};
	objectVersion = 48;
	objects = {

/* Begin PBXBuildFile section */
		33543FB01F0CD7520072DD33 /* AppDelegate.swift in Sources */ = {isa = PBXBuildFile; fileRef = 33543FAF1F0CD7520072DD33 /* AppDelegate.swift */; };
		33543FB41F0CD7520072DD33 /* ViewController.swift in Sources */ = {isa = PBXBuildFile; fileRef = 33543FB31F0CD7520072DD33 /* ViewController.swift */; };
		33543FB71F0CD7520072DD33 /* Main.storyboard in Resources */ = {isa = PBXBuildFile; fileRef = 33543FB51F0CD7520072DD33 /* Main.storyboard */; };
		33543FBC1F0CD7520072DD33 /* LaunchScreen.storyboard in Resources */ = {isa = PBXBuildFile; fileRef = 33543FBA1F0CD7520072DD33 /* LaunchScreen.storyboard */; };
		33543FC41F0CD7C90072DD33 /* tron_grid.png in Resources */ = {isa = PBXBuildFile; fileRef = 33543FC31F0CD7C30072DD33 /* tron_grid.png */; };
		33543FC61F0CDA060072DD33 /* Plane.swift in Sources */ = {isa = PBXBuildFile; fileRef = 33543FC51F0CDA060072DD33 /* Plane.swift */; };
		33543FC81F0CE0AA0072DD33 /* Cube.swift in Sources */ = {isa = PBXBuildFile; fileRef = 33543FC71F0CE0AA0072DD33 /* Cube.swift */; };
		33543FCA1F0CE0C70072DD33 /* PBRMaterial.swift in Sources */ = {isa = PBXBuildFile; fileRef = 33543FC91F0CE0C70072DD33 /* PBRMaterial.swift */; };
		33543FCC1F0CE0EF0072DD33 /* CollisionCategory.swift in Sources */ = {isa = PBXBuildFile; fileRef = 33543FCB1F0CE0EF0072DD33 /* CollisionCategory.swift */; };
		33543FCE1F0CE0FF0072DD33 /* Config.swift in Sources */ = {isa = PBXBuildFile; fileRef = 33543FCD1F0CE0FF0072DD33 /* Config.swift */; };
		33543FD01F0CE1190072DD33 /* ConfigViewController.swift in Sources */ = {isa = PBXBuildFile; fileRef = 33543FCF1F0CE1190072DD33 /* ConfigViewController.swift */; };
		33614B911F0CEB7F0033B34F /* Assets.scnassets in Resources */ = {isa = PBXBuildFile; fileRef = 33614B901F0CEB000033B34F /* Assets.scnassets */; };
/* End PBXBuildFile section */

/* Begin PBXFileReference section */
		33543FAC1F0CD7520072DD33 /* arkit-by-example.app */ = {isa = PBXFileReference; explicitFileType = wrapper.application; includeInIndex = 0; path = "arkit-by-example.app"; sourceTree = BUILT_PRODUCTS_DIR; };
		33543FAF1F0CD7520072DD33 /* AppDelegate.swift */ = {isa = PBXFileReference; lastKnownFileType = sourcecode.swift; path = AppDelegate.swift; sourceTree = "<group>"; };
		33543FB31F0CD7520072DD33 /* ViewController.swift */ = {isa = PBXFileReference; lastKnownFileType = sourcecode.swift; path = ViewController.swift; sourceTree = "<group>"; };
		33543FB61F0CD7520072DD33 /* Base */ = {isa = PBXFileReference; lastKnownFileType = file.storyboard; name = Base; path = Base.lproj/Main.storyboard; sourceTree = "<group>"; };
		33543FBB1F0CD7520072DD33 /* Base */ = {isa = PBXFileReference; lastKnownFileType = file.storyboard; name = Base; path = Base.lproj/LaunchScreen.storyboard; sourceTree = "<group>"; };
		33543FBD1F0CD7520072DD33 /* Info.plist */ = {isa = PBXFileReference; lastKnownFileType = text.plist.xml; path = Info.plist; sourceTree = "<group>"; };
		33543FC31F0CD7C30072DD33 /* tron_grid.png */ = {isa = PBXFileReference; lastKnownFileType = image.png; path = tron_grid.png; sourceTree = "<group>"; };
		33543FC51F0CDA060072DD33 /* Plane.swift */ = {isa = PBXFileReference; lastKnownFileType = sourcecode.swift; path = Plane.swift; sourceTree = "<group>"; };
		33543FC71F0CE0AA0072DD33 /* Cube.swift */ = {isa = PBXFileReference; lastKnownFileType = sourcecode.swift; path = Cube.swift; sourceTree = "<group>"; };
		33543FC91F0CE0C70072DD33 /* PBRMaterial.swift */ = {isa = PBXFileReference; lastKnownFileType = sourcecode.swift; path = PBRMaterial.swift; sourceTree = "<group>"; };
		33543FCB1F0CE0EF0072DD33 /* CollisionCategory.swift */ = {isa = PBXFileReference; lastKnownFileType = sourcecode.swift; path = CollisionCategory.swift; sourceTree = "<group>"; };
		33543FCD1F0CE0FF0072DD33 /* Config.swift */ = {isa = PBXFileReference; lastKnownFileType = sourcecode.swift; path = Config.swift; sourceTree = "<group>"; };
		33543FCF1F0CE1190072DD33 /* ConfigViewController.swift */ = {isa = PBXFileReference; lastKnownFileType = sourcecode.swift; path = ConfigViewController.swift; sourceTree = "<group>"; };
		33614B901F0CEB000033B34F /* Assets.scnassets */ = {isa = PBXFileReference; lastKnownFileType = wrapper.scnassets; path = Assets.scnassets; sourceTree = "<group>"; };
/* End PBXFileReference section */

/* Begin PBXFrameworksBuildPhase section */
		33543FA91F0CD7520072DD33 /* Frameworks */ = {
			isa = PBXFrameworksBuildPhase;
			buildActionMask = 2147483647;
			files = (
			);
			runOnlyForDeploymentPostprocessing = 0;
		};
/* End PBXFrameworksBuildPhase section */

/* Begin PBXGroup section */
		33543FA31F0CD7520072DD33 = {
			isa = PBXGroup;
			children = (
				33543FAE1F0CD7520072DD33 /* arkit-by-example */,
				33543FAD1F0CD7520072DD33 /* Products */,
			);
			sourceTree = "<group>";
		};
		33543FAD1F0CD7520072DD33 /* Products */ = {
			isa = PBXGroup;
			children = (
				33543FAC1F0CD7520072DD33 /* arkit-by-example.app */,
			);
			name = Products;
			sourceTree = "<group>";
		};
		33543FAE1F0CD7520072DD33 /* arkit-by-example */ = {
			isa = PBXGroup;
			children = (
				33543FAF1F0CD7520072DD33 /* AppDelegate.swift */,
				33543FB31F0CD7520072DD33 /* ViewController.swift */,
				33543FCF1F0CE1190072DD33 /* ConfigViewController.swift */,
				33543FCD1F0CE0FF0072DD33 /* Config.swift */,
				33543FCB1F0CE0EF0072DD33 /* CollisionCategory.swift */,
				33543FC91F0CE0C70072DD33 /* PBRMaterial.swift */,
				33543FC71F0CE0AA0072DD33 /* Cube.swift */,
				33543FC51F0CDA060072DD33 /* Plane.swift */,
				33543FC31F0CD7C30072DD33 /* tron_grid.png */,
				33543FB51F0CD7520072DD33 /* Main.storyboard */,
				33614B901F0CEB000033B34F /* Assets.scnassets */,
				33543FBA1F0CD7520072DD33 /* LaunchScreen.storyboard */,
				33543FBD1F0CD7520072DD33 /* Info.plist */,
			);
			path = "arkit-by-example";
			sourceTree = "<group>";
		};
/* End PBXGroup section */

/* Begin PBXNativeTarget section */
		33543FAB1F0CD7520072DD33 /* arkit-by-example */ = {
			isa = PBXNativeTarget;
			buildConfigurationList = 33543FC01F0CD7520072DD33 /* Build configuration list for PBXNativeTarget "arkit-by-example" */;
			buildPhases = (
				33543FA81F0CD7520072DD33 /* Sources */,
				33543FA91F0CD7520072DD33 /* Frameworks */,
				33543FAA1F0CD7520072DD33 /* Resources */,
			);
			buildRules = (
			);
			dependencies = (
			);
			name = "arkit-by-example";
			productName = "arkit-by-example";
			productReference = 33543FAC1F0CD7520072DD33 /* arkit-by-example.app */;
			productType = "com.apple.product-type.application";
		};
/* End PBXNativeTarget section */

/* Begin PBXProject section */
		33543FA41F0CD7520072DD33 /* Project object */ = {
			isa = PBXProject;
			attributes = {
				LastSwiftUpdateCheck = 0900;
				LastUpgradeCheck = 0900;
				ORGANIZATIONNAME = "Arnaud Pasquelin";
				TargetAttributes = {
					33543FAB1F0CD7520072DD33 = {
						CreatedOnToolsVersion = 9.0;
					};
				};
			};
			buildConfigurationList = 33543FA71F0CD7520072DD33 /* Build configuration list for PBXProject "arkit-by-example" */;
			compatibilityVersion = "Xcode 8.0";
			developmentRegion = en;
			hasScannedForEncodings = 0;
			knownRegions = (
				en,
				Base,
			);
			mainGroup = 33543FA31F0CD7520072DD33;
			productRefGroup = 33543FAD1F0CD7520072DD33 /* Products */;
			projectDirPath = "";
			projectRoot = "";
			targets = (
				33543FAB1F0CD7520072DD33 /* arkit-by-example */,
			);
		};
/* End PBXProject section */

/* Begin PBXResourcesBuildPhase section */
		33543FAA1F0CD7520072DD33 /* Resources */ = {
			isa = PBXResourcesBuildPhase;
			buildActionMask = 2147483647;
			files = (
				33614B911F0CEB7F0033B34F /* Assets.scnassets in Resources */,
				33543FC41F0CD7C90072DD33 /* tron_grid.png in Resources */,
				33543FBC1F0CD7520072DD33 /* LaunchScreen.storyboard in Resources */,
				33543FB71F0CD7520072DD33 /* Main.storyboard in Resources */,
			);
			runOnlyForDeploymentPostprocessing = 0;
		};
/* End PBXResourcesBuildPhase section */

/* Begin PBXSourcesBuildPhase section */
		33543FA81F0CD7520072DD33 /* Sources */ = {
			isa = PBXSourcesBuildPhase;
			buildActionMask = 2147483647;
			files = (
				33543FC81F0CE0AA0072DD33 /* Cube.swift in Sources */,
				33543FCA1F0CE0C70072DD33 /* PBRMaterial.swift in Sources */,
				33543FD01F0CE1190072DD33 /* ConfigViewController.swift in Sources */,
				33543FCC1F0CE0EF0072DD33 /* CollisionCategory.swift in Sources */,
				33543FCE1F0CE0FF0072DD33 /* Config.swift in Sources */,
				33543FB41F0CD7520072DD33 /* ViewController.swift in Sources */,
				33543FC61F0CDA060072DD33 /* Plane.swift in Sources */,
				33543FB01F0CD7520072DD33 /* AppDelegate.swift in Sources */,
			);
			runOnlyForDeploymentPostprocessing = 0;
		};
/* End PBXSourcesBuildPhase section */

/* Begin PBXVariantGroup section */
		33543FB51F0CD7520072DD33 /* Main.storyboard */ = {
			isa = PBXVariantGroup;
			children = (
				33543FB61F0CD7520072DD33 /* Base */,
			);
			name = Main.storyboard;
			sourceTree = "<group>";
		};
		33543FBA1F0CD7520072DD33 /* LaunchScreen.storyboard */ = {
			isa = PBXVariantGroup;
			children = (
				33543FBB1F0CD7520072DD33 /* Base */,
			);
			name = LaunchScreen.storyboard;
			sourceTree = "<group>";
		};
/* End PBXVariantGroup section */

/* Begin XCBuildConfiguration section */
		33543FBE1F0CD7520072DD33 /* Debug */ = {
			isa = XCBuildConfiguration;
			buildSettings = {
				ALWAYS_SEARCH_USER_PATHS = NO;
				CLANG_ANALYZER_NONNULL = YES;
				CLANG_ANALYZER_NUMBER_OBJECT_CONVERSION = YES_AGGRESSIVE;
				CLANG_CXX_LANGUAGE_STANDARD = "gnu++14";
				CLANG_CXX_LIBRARY = "libc++";
				CLANG_ENABLE_MODULES = YES;
				CLANG_ENABLE_OBJC_ARC = YES;
				CLANG_WARN_BLOCK_CAPTURE_AUTORELEASING = YES;
				CLANG_WARN_BOOL_CONVERSION = YES;
				CLANG_WARN_COMMA = YES;
				CLANG_WARN_CONSTANT_CONVERSION = YES;
				CLANG_WARN_DIRECT_OBJC_ISA_USAGE = YES_ERROR;
				CLANG_WARN_DOCUMENTATION_COMMENTS = YES;
				CLANG_WARN_EMPTY_BODY = YES;
				CLANG_WARN_ENUM_CONVERSION = YES;
				CLANG_WARN_INFINITE_RECURSION = YES;
				CLANG_WARN_INT_CONVERSION = YES;
				CLANG_WARN_OBJC_ROOT_CLASS = YES_ERROR;
				CLANG_WARN_RANGE_LOOP_ANALYSIS = YES;
				CLANG_WARN_STRICT_PROTOTYPES = YES;
				CLANG_WARN_SUSPICIOUS_MOVE = YES;
				CLANG_WARN_UNGUARDED_AVAILABILITY = YES_AGGRESSIVE;
				CLANG_WARN_UNREACHABLE_CODE = YES;
				CLANG_WARN__DUPLICATE_METHOD_MATCH = YES;
				CODE_SIGN_IDENTITY = "iPhone Developer";
				COPY_PHASE_STRIP = NO;
				DEBUG_INFORMATION_FORMAT = dwarf;
				ENABLE_STRICT_OBJC_MSGSEND = YES;
				ENABLE_TESTABILITY = YES;
				GCC_C_LANGUAGE_STANDARD = gnu11;
				GCC_DYNAMIC_NO_PIC = NO;
				GCC_NO_COMMON_BLOCKS = YES;
				GCC_OPTIMIZATION_LEVEL = 0;
				GCC_PREPROCESSOR_DEFINITIONS = (
					"DEBUG=1",
					"$(inherited)",
				);
				GCC_WARN_64_TO_32_BIT_CONVERSION = YES;
				GCC_WARN_ABOUT_RETURN_TYPE = YES_ERROR;
				GCC_WARN_UNDECLARED_SELECTOR = YES;
				GCC_WARN_UNINITIALIZED_AUTOS = YES_AGGRESSIVE;
				GCC_WARN_UNUSED_FUNCTION = YES;
				GCC_WARN_UNUSED_VARIABLE = YES;
				IPHONEOS_DEPLOYMENT_TARGET = 11.0;
				MTL_ENABLE_DEBUG_INFO = YES;
				ONLY_ACTIVE_ARCH = YES;
				SDKROOT = iphoneos;
				SWIFT_ACTIVE_COMPILATION_CONDITIONS = DEBUG;
				SWIFT_OPTIMIZATION_LEVEL = "-Onone";
			};
			name = Debug;
		};
		33543FBF1F0CD7520072DD33 /* Release */ = {
			isa = XCBuildConfiguration;
			buildSettings = {
				ALWAYS_SEARCH_USER_PATHS = NO;
				CLANG_ANALYZER_NONNULL = YES;
				CLANG_ANALYZER_NUMBER_OBJECT_CONVERSION = YES_AGGRESSIVE;
				CLANG_CXX_LANGUAGE_STANDARD = "gnu++14";
				CLANG_CXX_LIBRARY = "libc++";
				CLANG_ENABLE_MODULES = YES;
				CLANG_ENABLE_OBJC_ARC = YES;
				CLANG_WARN_BLOCK_CAPTURE_AUTORELEASING = YES;
				CLANG_WARN_BOOL_CONVERSION = YES;
				CLANG_WARN_COMMA = YES;
				CLANG_WARN_CONSTANT_CONVERSION = YES;
				CLANG_WARN_DIRECT_OBJC_ISA_USAGE = YES_ERROR;
				CLANG_WARN_DOCUMENTATION_COMMENTS = YES;
				CLANG_WARN_EMPTY_BODY = YES;
				CLANG_WARN_ENUM_CONVERSION = YES;
				CLANG_WARN_INFINITE_RECURSION = YES;
				CLANG_WARN_INT_CONVERSION = YES;
				CLANG_WARN_OBJC_ROOT_CLASS = YES_ERROR;
				CLANG_WARN_RANGE_LOOP_ANALYSIS = YES;
				CLANG_WARN_STRICT_PROTOTYPES = YES;
				CLANG_WARN_SUSPICIOUS_MOVE = YES;
				CLANG_WARN_UNGUARDED_AVAILABILITY = YES_AGGRESSIVE;
				CLANG_WARN_UNREACHABLE_CODE = YES;
				CLANG_WARN__DUPLICATE_METHOD_MATCH = YES;
				CODE_SIGN_IDENTITY = "iPhone Developer";
				COPY_PHASE_STRIP = NO;
				DEBUG_INFORMATION_FORMAT = "dwarf-with-dsym";
				ENABLE_NS_ASSERTIONS = NO;
				ENABLE_STRICT_OBJC_MSGSEND = YES;
				GCC_C_LANGUAGE_STANDARD = gnu11;
				GCC_NO_COMMON_BLOCKS = YES;
				GCC_WARN_64_TO_32_BIT_CONVERSION = YES;
				GCC_WARN_ABOUT_RETURN_TYPE = YES_ERROR;
				GCC_WARN_UNDECLARED_SELECTOR = YES;
				GCC_WARN_UNINITIALIZED_AUTOS = YES_AGGRESSIVE;
				GCC_WARN_UNUSED_FUNCTION = YES;
				GCC_WARN_UNUSED_VARIABLE = YES;
				IPHONEOS_DEPLOYMENT_TARGET = 11.0;
				MTL_ENABLE_DEBUG_INFO = NO;
				SDKROOT = iphoneos;
				SWIFT_OPTIMIZATION_LEVEL = "-Owholemodule";
				VALIDATE_PRODUCT = YES;
			};
			name = Release;
		};
		33543FC11F0CD7520072DD33 /* Debug */ = {
			isa = XCBuildConfiguration;
			buildSettings = {
				ASSETCATALOG_COMPILER_APPICON_NAME = AppIcon;
				DEVELOPMENT_TEAM = UJNMHBPAPG;
				INFOPLIST_FILE = "arkit-by-example/Info.plist";
				LD_RUNPATH_SEARCH_PATHS = "$(inherited) @executable_path/Frameworks";
				PRODUCT_BUNDLE_IDENTIFIER = "com.ruanestudios.arkit-by-example";
				PRODUCT_NAME = "$(TARGET_NAME)";
				SWIFT_VERSION = 4.0;
				TARGETED_DEVICE_FAMILY = "1,2";
			};
			name = Debug;
		};
		33543FC21F0CD7520072DD33 /* Release */ = {
			isa = XCBuildConfiguration;
			buildSettings = {
				ASSETCATALOG_COMPILER_APPICON_NAME = AppIcon;
				DEVELOPMENT_TEAM = UJNMHBPAPG;
				INFOPLIST_FILE = "arkit-by-example/Info.plist";
				LD_RUNPATH_SEARCH_PATHS = "$(inherited) @executable_path/Frameworks";
				PRODUCT_BUNDLE_IDENTIFIER = "com.ruanestudios.arkit-by-example";
				PRODUCT_NAME = "$(TARGET_NAME)";
				SWIFT_VERSION = 4.0;
				TARGETED_DEVICE_FAMILY = "1,2";
			};
			name = Release;
		};
/* End XCBuildConfiguration section */

/* Begin XCConfigurationList section */
		33543FA71F0CD7520072DD33 /* Build configuration list for PBXProject "arkit-by-example" */ = {
			isa = XCConfigurationList;
			buildConfigurations = (
				33543FBE1F0CD7520072DD33 /* Debug */,
				33543FBF1F0CD7520072DD33 /* Release */,
			);
			defaultConfigurationIsVisible = 0;
			defaultConfigurationName = Release;
		};
		33543FC01F0CD7520072DD33 /* Build configuration list for PBXNativeTarget "arkit-by-example" */ = {
			isa = XCConfigurationList;
			buildConfigurations = (
				33543FC11F0CD7520072DD33 /* Debug */,
				33543FC21F0CD7520072DD33 /* Release */,
			);
			defaultConfigurationIsVisible = 0;
			defaultConfigurationName = Release;
		};
/* End XCConfigurationList section */
	};
	rootObject = 33543FA41F0CD7520072DD33 /* Project object */;
}
